
Microsoft Visual Studio Solution File, Format Version 12.00
# Visual Studio Version 16
VisualStudioVersion = 16.0.29102.190
MinimumVisualStudioVersion = 10.0.40219.1
Project("{FAE04EC0-301F-11D3-BF4B-00C04F79EFBC}") = "Creational.Builder", "Creational.Builder\Creational.Builder.csproj", "{4FCC4B0E-5211-4376-975A-AA87B1145FFF}"
EndProject
Global
	GlobalSection(SolutionConfigurationPlatforms) = preSolution
		Debug|Any CPU = Debug|Any CPU
		Release|Any CPU = Release|Any CPU
	EndGlobalSection
	GlobalSection(ProjectConfigurationPlatforms) = postSolution
		{4FCC4B0E-5211-4376-975A-AA87B1145FFF}.Debug|Any CPU.ActiveCfg = Debug|Any CPU
		{4FCC4B0E-5211-4376-975A-AA87B1145FFF}.Debug|Any CPU.Build.0 = Debug|Any CPU
		{4FCC4B0E-5211-4376-975A-AA87B1145FFF}.Release|Any CPU.ActiveCfg = Release|Any CPU
		{4FCC4B0E-5211-4376-975A-AA87B1145FFF}.Release|Any CPU.Build.0 = Release|Any CPU
	EndGlobalSection
	GlobalSection(SolutionProperties) = preSolution
		HideSolutionNode = FALSE
	EndGlobalSection
	GlobalSection(ExtensibilityGlobals) = postSolution
		SolutionGuid = {E76EEEE5-E77F-4F0D-B131-C75BD34090EE}
	EndGlobalSection
EndGlobal
